
Microsoft Visual Studio Solution File, Format Version 12.00
# Visual Studio 15
VisualStudioVersion = 15.0.28010.2048
MinimumVisualStudioVersion = 10.0.40219.1
Project("{8BC9CEB8-8B4A-11D0-8D11-00A0C91BC942}") = "RegFreeClient", "RegFreeClient\RegFreeClient.vcxproj", "{1AD0984E-0885-45FB-BD9F-2FE83D684793}"
	ProjectSection(ProjectDependencies) = postProject
		{1148006E-4691-4C18-99AA-948BA8D0715E} = {1148006E-4691-4C18-99AA-948BA8D0715E}
	EndProjectSection
EndProject
Project("{8BC9CEB8-8B4A-11D0-8D11-00A0C91BC942}") = "RegFreeServer", "RegFreeServer\RegFreeServer.vcxproj", "{1148006E-4691-4C18-99AA-948BA8D0715E}"
EndProject
Global
	GlobalSection(SolutionConfigurationPlatforms) = preSolution
		Debug|x64 = Debug|x64
		Debug|x86 = Debug|x86
		Release|x64 = Release|x64
		Release|x86 = Release|x86
	EndGlobalSection
	GlobalSection(ProjectConfigurationPlatforms) = postSolution
		{1AD0984E-0885-45FB-BD9F-2FE83D684793}.Debug|x64.ActiveCfg = Debug|x64
		{1AD0984E-0885-45FB-BD9F-2FE83D684793}.Debug|x64.Build.0 = Debug|x64
		{1AD0984E-0885-45FB-BD9F-2FE83D684793}.Debug|x86.ActiveCfg = Debug|Win32
		{1AD0984E-0885-45FB-BD9F-2FE83D684793}.Debug|x86.Build.0 = Debug|Win32
		{1AD0984E-0885-45FB-BD9F-2FE83D684793}.Release|x64.ActiveCfg = Release|x64
		{1AD0984E-0885-45FB-BD9F-2FE83D684793}.Release|x64.Build.0 = Release|x64
		{1AD0984E-0885-45FB-BD9F-2FE83D684793}.Release|x86.ActiveCfg = Release|Win32
		{1AD0984E-0885-45FB-BD9F-2FE83D684793}.Release|x86.Build.0 = Release|Win32
		{1148006E-4691-4C18-99AA-948BA8D0715E}.Debug|x64.ActiveCfg = Debug|x64
		{1148006E-4691-4C18-99AA-948BA8D0715E}.Debug|x64.Build.0 = Debug|x64
		{1148006E-4691-4C18-99AA-948BA8D0715E}.Debug|x86.ActiveCfg = Debug|Win32
		{1148006E-4691-4C18-99AA-948BA8D0715E}.Debug|x86.Build.0 = Debug|Win32
		{1148006E-4691-4C18-99AA-948BA8D0715E}.Release|x64.ActiveCfg = Release|x64
		{1148006E-4691-4C18-99AA-948BA8D0715E}.Release|x64.Build.0 = Release|x64
		{1148006E-4691-4C18-99AA-948BA8D0715E}.Release|x86.ActiveCfg = Release|Win32
		{1148006E-4691-4C18-99AA-948BA8D0715E}.Release|x86.Build.0 = Release|Win32
	EndGlobalSection
	GlobalSection(SolutionProperties) = preSolution
		HideSolutionNode = FALSE
	EndGlobalSection
	GlobalSection(ExtensibilityGlobals) = postSolution
		SolutionGuid = {CF496C85-0F15-4956-9BC2-48E835BFFDF0}
	EndGlobalSection
EndGlobal
