<?xml version="1.0" encoding="utf-8"?>
<Project ToolsVersion="4.0" xmlns="http://schemas.microsoft.com/developer/msbuild/2003">
  <ItemGroup>
    <Filter Include="ソース ファイル">
      <UniqueIdentifier>{e9fee196-2cc7-40b4-9bb6-70faa3f44152}</UniqueIdentifier>
    </Filter>
    <Filter Include="生成されたファイル">
      <UniqueIdentifier>{68abf814-42e8-44cf-95f3-da3c31b3fc5d}</UniqueIdentifier>
      <SourceControlFiles>False</SourceControlFiles>
    </Filter>
  </ItemGroup>
  <ItemGroup>
    <None Include="DojoWrlGreetingps.def" />
  </ItemGroup>
  <ItemGroup>
    <ClCompile Include="DojoWrlGreeting_i.c">
      <Filter>生成されたファイル</Filter>
    </ClCompile>
    <ClCompile Include="DojoWrlGreeting_p.c">
      <Filter>生成されたファイル</Filter>
    </ClCompile>
    <ClCompile Include="dlldata.c">
      <Filter>生成されたファイル</Filter>
    </ClCompile>
  </ItemGroup>
</Project>